
Microsoft Visual Studio Solution File, Format Version 12.00
# Visual Studio Version 16
VisualStudioVersion = 16.0.31727.386
MinimumVisualStudioVersion = 10.0.40219.1
Project("{FAE04EC0-301F-11D3-BF4B-00C04F79EFBC}") = "Webwatcher", "Youtube Watcher\Webwatcher.csproj", "{68B4878C-71E6-419C-AD3F-DE1B1F15E23F}"
EndProject
Global
	GlobalSection(SolutionConfigurationPlatforms) = preSolution
		Debug|Any CPU = Debug|Any CPU
		FinalRelease|Any CPU = FinalRelease|Any CPU
		Release|Any CPU = Release|Any CPU
	EndGlobalSection
	GlobalSection(ProjectConfigurationPlatforms) = postSolution
		{68B4878C-71E6-419C-AD3F-DE1B1F15E23F}.Debug|Any CPU.ActiveCfg = Debug|Any CPU
		{68B4878C-71E6-419C-AD3F-DE1B1F15E23F}.Debug|Any CPU.Build.0 = Debug|Any CPU
		{68B4878C-71E6-419C-AD3F-DE1B1F15E23F}.FinalRelease|Any CPU.ActiveCfg = FinalRelease|Any CPU
		{68B4878C-71E6-419C-AD3F-DE1B1F15E23F}.FinalRelease|Any CPU.Build.0 = FinalRelease|Any CPU
		{68B4878C-71E6-419C-AD3F-DE1B1F15E23F}.Release|Any CPU.ActiveCfg = Release|Any CPU
		{68B4878C-71E6-419C-AD3F-DE1B1F15E23F}.Release|Any CPU.Build.0 = Release|Any CPU
	EndGlobalSection
	GlobalSection(SolutionProperties) = preSolution
		HideSolutionNode = FALSE
	EndGlobalSection
	GlobalSection(ExtensibilityGlobals) = postSolution
		SolutionGuid = {5824C561-1E41-4802-98CA-5FDD3F8F2403}
	EndGlobalSection
EndGlobal
